// !$*UTF8*$!
{
	archiveVersion = 1;
	classes = {
	};
	objectVersion = 48;
	objects = {

/* Begin PBXBuildFile section */
		4F7AAA496A9C47CDB6305543 /* Pods_instagramLikeTests.framework in Frameworks */ = {isa = PBXBuildFile; fileRef = 898E687393CDD561E1C2CFDB /* Pods_instagramLikeTests.framework */; };
		7516D6021FB3CDA800546FCD /* Constants.swift in Sources */ = {isa = PBXBuildFile; fileRef = 7516D6011FB3CDA800546FCD /* Constants.swift */; };
		7516D6041FB3CE1E00546FCD /* loupHandler.swift in Sources */ = {isa = PBXBuildFile; fileRef = 7516D6031FB3CE1E00546FCD /* loupHandler.swift */; };
		756272201F96F5E800603B2D /* UserViewController.swift in Sources */ = {isa = PBXBuildFile; fileRef = 7562721F1F96F5E800603B2D /* UserViewController.swift */; };
		7562725F1FA54C6C00603B2D /* User.swift in Sources */ = {isa = PBXBuildFile; fileRef = 7562725E1FA54C6C00603B2D /* User.swift */; };
		75DF1FE91FA96C1400E8E54C /* mapViewController.swift in Sources */ = {isa = PBXBuildFile; fileRef = 75DF1FE81FA96C1400E8E54C /* mapViewController.swift */; };
		75DF1FEB1FA972A200E8E54C /* CoreLocation.framework in Frameworks */ = {isa = PBXBuildFile; fileRef = 75DF1FEA1FA972A200E8E54C /* CoreLocation.framework */; };
		75E4FB781F9010710072DA18 /* AppDelegate.swift in Sources */ = {isa = PBXBuildFile; fileRef = 75E4FB771F9010710072DA18 /* AppDelegate.swift */; };
		75E4FB7D1F9010710072DA18 /* Main.storyboard in Resources */ = {isa = PBXBuildFile; fileRef = 75E4FB7B1F9010710072DA18 /* Main.storyboard */; };
		75E4FB7F1F9010710072DA18 /* Assets.xcassets in Resources */ = {isa = PBXBuildFile; fileRef = 75E4FB7E1F9010710072DA18 /* Assets.xcassets */; };
		75E4FB821F9010710072DA18 /* LaunchScreen.storyboard in Resources */ = {isa = PBXBuildFile; fileRef = 75E4FB801F9010710072DA18 /* LaunchScreen.storyboard */; };
		75E4FB8D1F9010710072DA18 /* instagramLikeTests.swift in Sources */ = {isa = PBXBuildFile; fileRef = 75E4FB8C1F9010710072DA18 /* instagramLikeTests.swift */; };
		75E4FB981F9010710072DA18 /* instagramLikeUITests.swift in Sources */ = {isa = PBXBuildFile; fileRef = 75E4FB971F9010710072DA18 /* instagramLikeUITests.swift */; };
		75E4FBA71F927C5C0072DA18 /* SignupViewController.swift in Sources */ = {isa = PBXBuildFile; fileRef = 75E4FBA61F927C5C0072DA18 /* SignupViewController.swift */; };
		75E4FBA81F92DAD10072DA18 /* GoogleService-Info.plist in Resources */ = {isa = PBXBuildFile; fileRef = 75E4FBA51F9010980072DA18 /* GoogleService-Info.plist */; };
		75E4FBAC1F92DE7A0072DA18 /* LoginViewController.swift in Sources */ = {isa = PBXBuildFile; fileRef = 75E4FBAB1F92DE7A0072DA18 /* LoginViewController.swift */; };
		75E4FBB01F944F7F0072DA18 /* UserCell.swift in Sources */ = {isa = PBXBuildFile; fileRef = 75E4FBAF1F944F7F0072DA18 /* UserCell.swift */; };
		D22B1F444D4E8A7A28A71925 /* Pods_instagramLikeUITests.framework in Frameworks */ = {isa = PBXBuildFile; fileRef = 3101404C83AB93EB03535D2C /* Pods_instagramLikeUITests.framework */; };
		FDF8048C4AEA86FB4FAE60FA /* Pods_instagramLike.framework in Frameworks */ = {isa = PBXBuildFile; fileRef = 661842022EDB71E1CD5F4BCC /* Pods_instagramLike.framework */; };
/* End PBXBuildFile section */

/* Begin PBXContainerItemProxy section */
		75E4FB891F9010710072DA18 /* PBXContainerItemProxy */ = {
			isa = PBXContainerItemProxy;
			containerPortal = 75E4FB6C1F9010710072DA18 /* Project object */;
			proxyType = 1;
			remoteGlobalIDString = 75E4FB731F9010710072DA18;
			remoteInfo = instagramLike;
		};
		75E4FB941F9010710072DA18 /* PBXContainerItemProxy */ = {
			isa = PBXContainerItemProxy;
			containerPortal = 75E4FB6C1F9010710072DA18 /* Project object */;
			proxyType = 1;
			remoteGlobalIDString = 75E4FB731F9010710072DA18;
			remoteInfo = instagramLike;
		};
/* End PBXContainerItemProxy section */

/* Begin PBXFileReference section */
		3101404C83AB93EB03535D2C /* Pods_instagramLikeUITests.framework */ = {isa = PBXFileReference; explicitFileType = wrapper.framework; includeInIndex = 0; path = Pods_instagramLikeUITests.framework; sourceTree = BUILT_PRODUCTS_DIR; };
		359FC9197342CA305DC5DCBE /* Pods-instagramLikeTests.debug.xcconfig */ = {isa = PBXFileReference; includeInIndex = 1; lastKnownFileType = text.xcconfig; name = "Pods-instagramLikeTests.debug.xcconfig"; path = "Pods/Target Support Files/Pods-instagramLikeTests/Pods-instagramLikeTests.debug.xcconfig"; sourceTree = "<group>"; };
		661842022EDB71E1CD5F4BCC /* Pods_instagramLike.framework */ = {isa = PBXFileReference; explicitFileType = wrapper.framework; includeInIndex = 0; path = Pods_instagramLike.framework; sourceTree = BUILT_PRODUCTS_DIR; };
		7516D6011FB3CDA800546FCD /* Constants.swift */ = {isa = PBXFileReference; lastKnownFileType = sourcecode.swift; path = Constants.swift; sourceTree = "<group>"; };
		7516D6031FB3CE1E00546FCD /* loupHandler.swift */ = {isa = PBXFileReference; lastKnownFileType = sourcecode.swift; path = loupHandler.swift; sourceTree = "<group>"; };
		7562721F1F96F5E800603B2D /* UserViewController.swift */ = {isa = PBXFileReference; lastKnownFileType = sourcecode.swift; path = UserViewController.swift; sourceTree = "<group>"; };
		7562725E1FA54C6C00603B2D /* User.swift */ = {isa = PBXFileReference; lastKnownFileType = sourcecode.swift; path = User.swift; sourceTree = "<group>"; };
		75DF1FE81FA96C1400E8E54C /* mapViewController.swift */ = {isa = PBXFileReference; lastKnownFileType = sourcecode.swift; path = mapViewController.swift; sourceTree = "<group>"; };
		75DF1FEA1FA972A200E8E54C /* CoreLocation.framework */ = {isa = PBXFileReference; lastKnownFileType = wrapper.framework; name = CoreLocation.framework; path = System/Library/Frameworks/CoreLocation.framework; sourceTree = SDKROOT; };
		75E4FB741F9010710072DA18 /* instagramLike.app */ = {isa = PBXFileReference; explicitFileType = wrapper.application; includeInIndex = 0; path = instagramLike.app; sourceTree = BUILT_PRODUCTS_DIR; };
		75E4FB771F9010710072DA18 /* AppDelegate.swift */ = {isa = PBXFileReference; lastKnownFileType = sourcecode.swift; path = AppDelegate.swift; sourceTree = "<group>"; };
		75E4FB7C1F9010710072DA18 /* Base */ = {isa = PBXFileReference; lastKnownFileType = file.storyboard; name = Base; path = Base.lproj/Main.storyboard; sourceTree = "<group>"; };
		75E4FB7E1F9010710072DA18 /* Assets.xcassets */ = {isa = PBXFileReference; lastKnownFileType = folder.assetcatalog; path = Assets.xcassets; sourceTree = "<group>"; };
		75E4FB811F9010710072DA18 /* Base */ = {isa = PBXFileReference; lastKnownFileType = file.storyboard; name = Base; path = Base.lproj/LaunchScreen.storyboard; sourceTree = "<group>"; };
		75E4FB831F9010710072DA18 /* Info.plist */ = {isa = PBXFileReference; lastKnownFileType = text.plist.xml; path = Info.plist; sourceTree = "<group>"; };
		75E4FB881F9010710072DA18 /* instagramLikeTests.xctest */ = {isa = PBXFileReference; explicitFileType = wrapper.cfbundle; includeInIndex = 0; path = instagramLikeTests.xctest; sourceTree = BUILT_PRODUCTS_DIR; };
		75E4FB8C1F9010710072DA18 /* instagramLikeTests.swift */ = {isa = PBXFileReference; lastKnownFileType = sourcecode.swift; path = instagramLikeTests.swift; sourceTree = "<group>"; };
		75E4FB8E1F9010710072DA18 /* Info.plist */ = {isa = PBXFileReference; lastKnownFileType = text.plist.xml; path = Info.plist; sourceTree = "<group>"; };
		75E4FB931F9010710072DA18 /* instagramLikeUITests.xctest */ = {isa = PBXFileReference; explicitFileType = wrapper.cfbundle; includeInIndex = 0; path = instagramLikeUITests.xctest; sourceTree = BUILT_PRODUCTS_DIR; };
		75E4FB971F9010710072DA18 /* instagramLikeUITests.swift */ = {isa = PBXFileReference; lastKnownFileType = sourcecode.swift; path = instagramLikeUITests.swift; sourceTree = "<group>"; };
		75E4FB991F9010710072DA18 /* Info.plist */ = {isa = PBXFileReference; lastKnownFileType = text.plist.xml; path = Info.plist; sourceTree = "<group>"; };
		75E4FBA51F9010980072DA18 /* GoogleService-Info.plist */ = {isa = PBXFileReference; lastKnownFileType = text.plist.xml; path = "GoogleService-Info.plist"; sourceTree = "<group>"; };
		75E4FBA61F927C5C0072DA18 /* SignupViewController.swift */ = {isa = PBXFileReference; lastKnownFileType = sourcecode.swift; path = SignupViewController.swift; sourceTree = "<group>"; };
		75E4FBAB1F92DE7A0072DA18 /* LoginViewController.swift */ = {isa = PBXFileReference; lastKnownFileType = sourcecode.swift; path = LoginViewController.swift; sourceTree = "<group>"; };
		75E4FBAF1F944F7F0072DA18 /* UserCell.swift */ = {isa = PBXFileReference; lastKnownFileType = sourcecode.swift; path = UserCell.swift; sourceTree = "<group>"; };
		7EC9DD60E15547A89065E76C /* Pods-instagramLike.release.xcconfig */ = {isa = PBXFileReference; includeInIndex = 1; lastKnownFileType = text.xcconfig; name = "Pods-instagramLike.release.xcconfig"; path = "Pods/Target Support Files/Pods-instagramLike/Pods-instagramLike.release.xcconfig"; sourceTree = "<group>"; };
		898E687393CDD561E1C2CFDB /* Pods_instagramLikeTests.framework */ = {isa = PBXFileReference; explicitFileType = wrapper.framework; includeInIndex = 0; path = Pods_instagramLikeTests.framework; sourceTree = BUILT_PRODUCTS_DIR; };
		B7EB9F1CD0C65776F6ED0AF7 /* Pods-instagramLikeUITests.release.xcconfig */ = {isa = PBXFileReference; includeInIndex = 1; lastKnownFileType = text.xcconfig; name = "Pods-instagramLikeUITests.release.xcconfig"; path = "Pods/Target Support Files/Pods-instagramLikeUITests/Pods-instagramLikeUITests.release.xcconfig"; sourceTree = "<group>"; };
		BB8338867E8ED6F7620F7CF9 /* Pods-instagramLikeUITests.debug.xcconfig */ = {isa = PBXFileReference; includeInIndex = 1; lastKnownFileType = text.xcconfig; name = "Pods-instagramLikeUITests.debug.xcconfig"; path = "Pods/Target Support Files/Pods-instagramLikeUITests/Pods-instagramLikeUITests.debug.xcconfig"; sourceTree = "<group>"; };
		F12A9CDE8679B8C0759176F7 /* Pods-instagramLikeTests.release.xcconfig */ = {isa = PBXFileReference; includeInIndex = 1; lastKnownFileType = text.xcconfig; name = "Pods-instagramLikeTests.release.xcconfig"; path = "Pods/Target Support Files/Pods-instagramLikeTests/Pods-instagramLikeTests.release.xcconfig"; sourceTree = "<group>"; };
		FD9BA1F118B2B8C56E95DD2E /* Pods-instagramLike.debug.xcconfig */ = {isa = PBXFileReference; includeInIndex = 1; lastKnownFileType = text.xcconfig; name = "Pods-instagramLike.debug.xcconfig"; path = "Pods/Target Support Files/Pods-instagramLike/Pods-instagramLike.debug.xcconfig"; sourceTree = "<group>"; };
/* End PBXFileReference section */

/* Begin PBXFrameworksBuildPhase section */
		75E4FB711F9010710072DA18 /* Frameworks */ = {
			isa = PBXFrameworksBuildPhase;
			buildActionMask = 2147483647;
			files = (
				75DF1FEB1FA972A200E8E54C /* CoreLocation.framework in Frameworks */,
				FDF8048C4AEA86FB4FAE60FA /* Pods_instagramLike.framework in Frameworks */,
			);
			runOnlyForDeploymentPostprocessing = 0;
		};
		75E4FB851F9010710072DA18 /* Frameworks */ = {
			isa = PBXFrameworksBuildPhase;
			buildActionMask = 2147483647;
			files = (
				4F7AAA496A9C47CDB6305543 /* Pods_instagramLikeTests.framework in Frameworks */,
			);
			runOnlyForDeploymentPostprocessing = 0;
		};
		75E4FB901F9010710072DA18 /* Frameworks */ = {
			isa = PBXFrameworksBuildPhase;
			buildActionMask = 2147483647;
			files = (
				D22B1F444D4E8A7A28A71925 /* Pods_instagramLikeUITests.framework in Frameworks */,
			);
			runOnlyForDeploymentPostprocessing = 0;
		};
/* End PBXFrameworksBuildPhase section */

/* Begin PBXGroup section */
		5DC89470CC87AD45D43DFD6D /* Pods */ = {
			isa = PBXGroup;
			children = (
				FD9BA1F118B2B8C56E95DD2E /* Pods-instagramLike.debug.xcconfig */,
				7EC9DD60E15547A89065E76C /* Pods-instagramLike.release.xcconfig */,
				359FC9197342CA305DC5DCBE /* Pods-instagramLikeTests.debug.xcconfig */,
				F12A9CDE8679B8C0759176F7 /* Pods-instagramLikeTests.release.xcconfig */,
				BB8338867E8ED6F7620F7CF9 /* Pods-instagramLikeUITests.debug.xcconfig */,
				B7EB9F1CD0C65776F6ED0AF7 /* Pods-instagramLikeUITests.release.xcconfig */,
			);
			name = Pods;
			sourceTree = "<group>";
		};
		7562725B1FA54BB300603B2D /* View Controllers */ = {
			isa = PBXGroup;
			children = (
				75E4FBA61F927C5C0072DA18 /* SignupViewController.swift */,
				75E4FBAB1F92DE7A0072DA18 /* LoginViewController.swift */,
				7562721F1F96F5E800603B2D /* UserViewController.swift */,
				75DF1FE81FA96C1400E8E54C /* mapViewController.swift */,
			);
			path = "View Controllers";
			sourceTree = "<group>";
		};
		7562725C1FA54C0400603B2D /* Custom Cell */ = {
			isa = PBXGroup;
			children = (
				75E4FBAF1F944F7F0072DA18 /* UserCell.swift */,
			);
			path = "Custom Cell";
			sourceTree = "<group>";
		};
		7562725D1FA54C3200603B2D /* Objects */ = {
			isa = PBXGroup;
			children = (
				7562725E1FA54C6C00603B2D /* User.swift */,
				7516D6011FB3CDA800546FCD /* Constants.swift */,
				7516D6031FB3CE1E00546FCD /* loupHandler.swift */,
			);
			path = Objects;
			sourceTree = "<group>";
		};
		75E4FB6B1F9010710072DA18 = {
			isa = PBXGroup;
			children = (
				75E4FB761F9010710072DA18 /* instagramLike */,
				75E4FB8B1F9010710072DA18 /* instagramLikeTests */,
				75E4FB961F9010710072DA18 /* instagramLikeUITests */,
				75E4FB751F9010710072DA18 /* Products */,
				5DC89470CC87AD45D43DFD6D /* Pods */,
				F4A8890EA13BC6071D2AE8EF /* Frameworks */,
			);
			sourceTree = "<group>";
		};
		75E4FB751F9010710072DA18 /* Products */ = {
			isa = PBXGroup;
			children = (
				75E4FB741F9010710072DA18 /* instagramLike.app */,
				75E4FB881F9010710072DA18 /* instagramLikeTests.xctest */,
				75E4FB931F9010710072DA18 /* instagramLikeUITests.xctest */,
			);
			name = Products;
			sourceTree = "<group>";
		};
		75E4FB761F9010710072DA18 /* instagramLike */ = {
			isa = PBXGroup;
			children = (
				7562725D1FA54C3200603B2D /* Objects */,
				7562725C1FA54C0400603B2D /* Custom Cell */,
				7562725B1FA54BB300603B2D /* View Controllers */,
				75E4FB771F9010710072DA18 /* AppDelegate.swift */,
				75E4FB7B1F9010710072DA18 /* Main.storyboard */,
				75E4FB7E1F9010710072DA18 /* Assets.xcassets */,
				75E4FB801F9010710072DA18 /* LaunchScreen.storyboard */,
				75E4FB831F9010710072DA18 /* Info.plist */,
				75E4FBA51F9010980072DA18 /* GoogleService-Info.plist */,
			);
			path = instagramLike;
			sourceTree = "<group>";
		};
		75E4FB8B1F9010710072DA18 /* instagramLikeTests */ = {
			isa = PBXGroup;
			children = (
				75E4FB8C1F9010710072DA18 /* instagramLikeTests.swift */,
				75E4FB8E1F9010710072DA18 /* Info.plist */,
			);
			path = instagramLikeTests;
			sourceTree = "<group>";
		};
		75E4FB961F9010710072DA18 /* instagramLikeUITests */ = {
			isa = PBXGroup;
			children = (
				75E4FB971F9010710072DA18 /* instagramLikeUITests.swift */,
				75E4FB991F9010710072DA18 /* Info.plist */,
			);
			path = instagramLikeUITests;
			sourceTree = "<group>";
		};
		F4A8890EA13BC6071D2AE8EF /* Frameworks */ = {
			isa = PBXGroup;
			children = (
				75DF1FEA1FA972A200E8E54C /* CoreLocation.framework */,
				661842022EDB71E1CD5F4BCC /* Pods_instagramLike.framework */,
				898E687393CDD561E1C2CFDB /* Pods_instagramLikeTests.framework */,
				3101404C83AB93EB03535D2C /* Pods_instagramLikeUITests.framework */,
			);
			name = Frameworks;
			sourceTree = "<group>";
		};
/* End PBXGroup section */

/* Begin PBXNativeTarget section */
		75E4FB731F9010710072DA18 /* instagramLike */ = {
			isa = PBXNativeTarget;
			buildConfigurationList = 75E4FB9C1F9010710072DA18 /* Build configuration list for PBXNativeTarget "instagramLike" */;
			buildPhases = (
				3018054161D43128A56C05EF /* [CP] Check Pods Manifest.lock */,
				75E4FB701F9010710072DA18 /* Sources */,
				75E4FB711F9010710072DA18 /* Frameworks */,
				75E4FB721F9010710072DA18 /* Resources */,
				9D807EC7BD8CB157F54671FE /* [CP] Embed Pods Frameworks */,
				4F17C882975EEF0EC93C5987 /* [CP] Copy Pods Resources */,
			);
			buildRules = (
			);
			dependencies = (
			);
			name = instagramLike;
			productName = instagramLike;
			productReference = 75E4FB741F9010710072DA18 /* instagramLike.app */;
			productType = "com.apple.product-type.application";
		};
		75E4FB871F9010710072DA18 /* instagramLikeTests */ = {
			isa = PBXNativeTarget;
			buildConfigurationList = 75E4FB9F1F9010710072DA18 /* Build configuration list for PBXNativeTarget "instagramLikeTests" */;
			buildPhases = (
				A6412E11F7C231522FA20830 /* [CP] Check Pods Manifest.lock */,
				75E4FB841F9010710072DA18 /* Sources */,
				75E4FB851F9010710072DA18 /* Frameworks */,
				75E4FB861F9010710072DA18 /* Resources */,
				C563C7B5B254AB1EDF2F6C25 /* [CP] Embed Pods Frameworks */,
				51BC8F560F8B30C6F7B5B384 /* [CP] Copy Pods Resources */,
			);
			buildRules = (
			);
			dependencies = (
				75E4FB8A1F9010710072DA18 /* PBXTargetDependency */,
			);
			name = instagramLikeTests;
			productName = instagramLikeTests;
			productReference = 75E4FB881F9010710072DA18 /* instagramLikeTests.xctest */;
			productType = "com.apple.product-type.bundle.unit-test";
		};
		75E4FB921F9010710072DA18 /* instagramLikeUITests */ = {
			isa = PBXNativeTarget;
			buildConfigurationList = 75E4FBA21F9010710072DA18 /* Build configuration list for PBXNativeTarget "instagramLikeUITests" */;
			buildPhases = (
				A0E7BD391C21E82C4FEA224A /* [CP] Check Pods Manifest.lock */,
				75E4FB8F1F9010710072DA18 /* Sources */,
				75E4FB901F9010710072DA18 /* Frameworks */,
				75E4FB911F9010710072DA18 /* Resources */,
				CCA680D78E64D7D17D091CFF /* [CP] Embed Pods Frameworks */,
				E3554ABD9AB6F5B50202B0E6 /* [CP] Copy Pods Resources */,
			);
			buildRules = (
			);
			dependencies = (
				75E4FB951F9010710072DA18 /* PBXTargetDependency */,
			);
			name = instagramLikeUITests;
			productName = instagramLikeUITests;
			productReference = 75E4FB931F9010710072DA18 /* instagramLikeUITests.xctest */;
			productType = "com.apple.product-type.bundle.ui-testing";
		};
/* End PBXNativeTarget section */

/* Begin PBXProject section */
		75E4FB6C1F9010710072DA18 /* Project object */ = {
			isa = PBXProject;
			attributes = {
				LastSwiftUpdateCheck = 0900;
				LastUpgradeCheck = 0900;
				ORGANIZATIONNAME = "Rebecca Dragon";
				TargetAttributes = {
					75E4FB731F9010710072DA18 = {
						CreatedOnToolsVersion = 9.0;
						ProvisioningStyle = Automatic;
					};
					75E4FB871F9010710072DA18 = {
						CreatedOnToolsVersion = 9.0;
						ProvisioningStyle = Automatic;
						TestTargetID = 75E4FB731F9010710072DA18;
					};
					75E4FB921F9010710072DA18 = {
						CreatedOnToolsVersion = 9.0;
						ProvisioningStyle = Automatic;
						TestTargetID = 75E4FB731F9010710072DA18;
					};
				};
			};
			buildConfigurationList = 75E4FB6F1F9010710072DA18 /* Build configuration list for PBXProject "instagramLike" */;
			compatibilityVersion = "Xcode 8.0";
			developmentRegion = en;
			hasScannedForEncodings = 0;
			knownRegions = (
				en,
				Base,
			);
			mainGroup = 75E4FB6B1F9010710072DA18;
			productRefGroup = 75E4FB751F9010710072DA18 /* Products */;
			projectDirPath = "";
			projectRoot = "";
			targets = (
				75E4FB731F9010710072DA18 /* instagramLike */,
				75E4FB871F9010710072DA18 /* instagramLikeTests */,
				75E4FB921F9010710072DA18 /* instagramLikeUITests */,
			);
		};
/* End PBXProject section */

/* Begin PBXResourcesBuildPhase section */
		75E4FB721F9010710072DA18 /* Resources */ = {
			isa = PBXResourcesBuildPhase;
			buildActionMask = 2147483647;
			files = (
				75E4FB821F9010710072DA18 /* LaunchScreen.storyboard in Resources */,
				75E4FBA81F92DAD10072DA18 /* GoogleService-Info.plist in Resources */,
				75E4FB7F1F9010710072DA18 /* Assets.xcassets in Resources */,
				75E4FB7D1F9010710072DA18 /* Main.storyboard in Resources */,
			);
			runOnlyForDeploymentPostprocessing = 0;
		};
		75E4FB861F9010710072DA18 /* Resources */ = {
			isa = PBXResourcesBuildPhase;
			buildActionMask = 2147483647;
			files = (
			);
			runOnlyForDeploymentPostprocessing = 0;
		};
		75E4FB911F9010710072DA18 /* Resources */ = {
			isa = PBXResourcesBuildPhase;
			buildActionMask = 2147483647;
			files = (
			);
			runOnlyForDeploymentPostprocessing = 0;
		};
/* End PBXResourcesBuildPhase section */

/* Begin PBXShellScriptBuildPhase section */
		3018054161D43128A56C05EF /* [CP] Check Pods Manifest.lock */ = {
			isa = PBXShellScriptBuildPhase;
			buildActionMask = 2147483647;
			files = (
			);
			inputPaths = (
			);
			name = "[CP] Check Pods Manifest.lock";
			outputPaths = (
			);
			runOnlyForDeploymentPostprocessing = 0;
			shellPath = /bin/sh;
			shellScript = "diff \"${PODS_ROOT}/../Podfile.lock\" \"${PODS_ROOT}/Manifest.lock\" > /dev/null\nif [ $? != 0 ] ; then\n    # print error to STDERR\n    echo \"error: The sandbox is not in sync with the Podfile.lock. Run 'pod install' or update your CocoaPods installation.\" >&2\n    exit 1\nfi\n";
			showEnvVarsInLog = 0;
		};
		4F17C882975EEF0EC93C5987 /* [CP] Copy Pods Resources */ = {
			isa = PBXShellScriptBuildPhase;
			buildActionMask = 2147483647;
			files = (
			);
			inputPaths = (
			);
			name = "[CP] Copy Pods Resources";
			outputPaths = (
			);
			runOnlyForDeploymentPostprocessing = 0;
			shellPath = /bin/sh;
			shellScript = "\"${SRCROOT}/Pods/Target Support Files/Pods-instagramLike/Pods-instagramLike-resources.sh\"\n";
			showEnvVarsInLog = 0;
		};
		51BC8F560F8B30C6F7B5B384 /* [CP] Copy Pods Resources */ = {
			isa = PBXShellScriptBuildPhase;
			buildActionMask = 2147483647;
			files = (
			);
			inputPaths = (
			);
			name = "[CP] Copy Pods Resources";
			outputPaths = (
			);
			runOnlyForDeploymentPostprocessing = 0;
			shellPath = /bin/sh;
			shellScript = "\"${SRCROOT}/Pods/Target Support Files/Pods-instagramLikeTests/Pods-instagramLikeTests-resources.sh\"\n";
			showEnvVarsInLog = 0;
		};
		9D807EC7BD8CB157F54671FE /* [CP] Embed Pods Frameworks */ = {
			isa = PBXShellScriptBuildPhase;
			buildActionMask = 2147483647;
			files = (
			);
			inputPaths = (
			);
			name = "[CP] Embed Pods Frameworks";
			outputPaths = (
			);
			runOnlyForDeploymentPostprocessing = 0;
			shellPath = /bin/sh;
			shellScript = "\"${SRCROOT}/Pods/Target Support Files/Pods-instagramLike/Pods-instagramLike-frameworks.sh\"\n";
			showEnvVarsInLog = 0;
		};
		A0E7BD391C21E82C4FEA224A /* [CP] Check Pods Manifest.lock */ = {
			isa = PBXShellScriptBuildPhase;
			buildActionMask = 2147483647;
			files = (
			);
			inputPaths = (
			);
			name = "[CP] Check Pods Manifest.lock";
			outputPaths = (
			);
			runOnlyForDeploymentPostprocessing = 0;
			shellPath = /bin/sh;
			shellScript = "diff \"${PODS_ROOT}/../Podfile.lock\" \"${PODS_ROOT}/Manifest.lock\" > /dev/null\nif [ $? != 0 ] ; then\n    # print error to STDERR\n    echo \"error: The sandbox is not in sync with the Podfile.lock. Run 'pod install' or update your CocoaPods installation.\" >&2\n    exit 1\nfi\n";
			showEnvVarsInLog = 0;
		};
		A6412E11F7C231522FA20830 /* [CP] Check Pods Manifest.lock */ = {
			isa = PBXShellScriptBuildPhase;
			buildActionMask = 2147483647;
			files = (
			);
			inputPaths = (
			);
			name = "[CP] Check Pods Manifest.lock";
			outputPaths = (
			);
			runOnlyForDeploymentPostprocessing = 0;
			shellPath = /bin/sh;
			shellScript = "diff \"${PODS_ROOT}/../Podfile.lock\" \"${PODS_ROOT}/Manifest.lock\" > /dev/null\nif [ $? != 0 ] ; then\n    # print error to STDERR\n    echo \"error: The sandbox is not in sync with the Podfile.lock. Run 'pod install' or update your CocoaPods installation.\" >&2\n    exit 1\nfi\n";
			showEnvVarsInLog = 0;
		};
		C563C7B5B254AB1EDF2F6C25 /* [CP] Embed Pods Frameworks */ = {
			isa = PBXShellScriptBuildPhase;
			buildActionMask = 2147483647;
			files = (
			);
			inputPaths = (
			);
			name = "[CP] Embed Pods Frameworks";
			outputPaths = (
			);
			runOnlyForDeploymentPostprocessing = 0;
			shellPath = /bin/sh;
			shellScript = "\"${SRCROOT}/Pods/Target Support Files/Pods-instagramLikeTests/Pods-instagramLikeTests-frameworks.sh\"\n";
			showEnvVarsInLog = 0;
		};
		CCA680D78E64D7D17D091CFF /* [CP] Embed Pods Frameworks */ = {
			isa = PBXShellScriptBuildPhase;
			buildActionMask = 2147483647;
			files = (
			);
			inputPaths = (
			);
			name = "[CP] Embed Pods Frameworks";
			outputPaths = (
			);
			runOnlyForDeploymentPostprocessing = 0;
			shellPath = /bin/sh;
			shellScript = "\"${SRCROOT}/Pods/Target Support Files/Pods-instagramLikeUITests/Pods-instagramLikeUITests-frameworks.sh\"\n";
			showEnvVarsInLog = 0;
		};
		E3554ABD9AB6F5B50202B0E6 /* [CP] Copy Pods Resources */ = {
			isa = PBXShellScriptBuildPhase;
			buildActionMask = 2147483647;
			files = (
			);
			inputPaths = (
			);
			name = "[CP] Copy Pods Resources";
			outputPaths = (
			);
			runOnlyForDeploymentPostprocessing = 0;
			shellPath = /bin/sh;
			shellScript = "\"${SRCROOT}/Pods/Target Support Files/Pods-instagramLikeUITests/Pods-instagramLikeUITests-resources.sh\"\n";
			showEnvVarsInLog = 0;
		};
/* End PBXShellScriptBuildPhase section */

/* Begin PBXSourcesBuildPhase section */
		75E4FB701F9010710072DA18 /* Sources */ = {
			isa = PBXSourcesBuildPhase;
			buildActionMask = 2147483647;
			files = (
				75E4FBB01F944F7F0072DA18 /* UserCell.swift in Sources */,
				756272201F96F5E800603B2D /* UserViewController.swift in Sources */,
				7562725F1FA54C6C00603B2D /* User.swift in Sources */,
				75E4FBAC1F92DE7A0072DA18 /* LoginViewController.swift in Sources */,
				75DF1FE91FA96C1400E8E54C /* mapViewController.swift in Sources */,
				75E4FBA71F927C5C0072DA18 /* SignupViewController.swift in Sources */,
				75E4FB781F9010710072DA18 /* AppDelegate.swift in Sources */,
				7516D6041FB3CE1E00546FCD /* loupHandler.swift in Sources */,
				7516D6021FB3CDA800546FCD /* Constants.swift in Sources */,
			);
			runOnlyForDeploymentPostprocessing = 0;
		};
		75E4FB841F9010710072DA18 /* Sources */ = {
			isa = PBXSourcesBuildPhase;
			buildActionMask = 2147483647;
			files = (
				75E4FB8D1F9010710072DA18 /* instagramLikeTests.swift in Sources */,
			);
			runOnlyForDeploymentPostprocessing = 0;
		};
		75E4FB8F1F9010710072DA18 /* Sources */ = {
			isa = PBXSourcesBuildPhase;
			buildActionMask = 2147483647;
			files = (
				75E4FB981F9010710072DA18 /* instagramLikeUITests.swift in Sources */,
			);
			runOnlyForDeploymentPostprocessing = 0;
		};
/* End PBXSourcesBuildPhase section */

/* Begin PBXTargetDependency section */
		75E4FB8A1F9010710072DA18 /* PBXTargetDependency */ = {
			isa = PBXTargetDependency;
			target = 75E4FB731F9010710072DA18 /* instagramLike */;
			targetProxy = 75E4FB891F9010710072DA18 /* PBXContainerItemProxy */;
		};
		75E4FB951F9010710072DA18 /* PBXTargetDependency */ = {
			isa = PBXTargetDependency;
			target = 75E4FB731F9010710072DA18 /* instagramLike */;
			targetProxy = 75E4FB941F9010710072DA18 /* PBXContainerItemProxy */;
		};
/* End PBXTargetDependency section */

/* Begin PBXVariantGroup section */
		75E4FB7B1F9010710072DA18 /* Main.storyboard */ = {
			isa = PBXVariantGroup;
			children = (
				75E4FB7C1F9010710072DA18 /* Base */,
			);
			name = Main.storyboard;
			sourceTree = "<group>";
		};
		75E4FB801F9010710072DA18 /* LaunchScreen.storyboard */ = {
			isa = PBXVariantGroup;
			children = (
				75E4FB811F9010710072DA18 /* Base */,
			);
			name = LaunchScreen.storyboard;
			sourceTree = "<group>";
		};
/* End PBXVariantGroup section */

/* Begin XCBuildConfiguration section */
		75E4FB9A1F9010710072DA18 /* Debug */ = {
			isa = XCBuildConfiguration;
			buildSettings = {
				ALWAYS_SEARCH_USER_PATHS = NO;
				CLANG_ANALYZER_NONNULL = YES;
				CLANG_ANALYZER_NUMBER_OBJECT_CONVERSION = YES_AGGRESSIVE;
				CLANG_CXX_LANGUAGE_STANDARD = "gnu++14";
				CLANG_CXX_LIBRARY = "libc++";
				CLANG_ENABLE_MODULES = YES;
				CLANG_ENABLE_OBJC_ARC = YES;
				CLANG_WARN_BLOCK_CAPTURE_AUTORELEASING = YES;
				CLANG_WARN_BOOL_CONVERSION = YES;
				CLANG_WARN_COMMA = YES;
				CLANG_WARN_CONSTANT_CONVERSION = YES;
				CLANG_WARN_DIRECT_OBJC_ISA_USAGE = YES_ERROR;
				CLANG_WARN_DOCUMENTATION_COMMENTS = YES;
				CLANG_WARN_EMPTY_BODY = YES;
				CLANG_WARN_ENUM_CONVERSION = YES;
				CLANG_WARN_INFINITE_RECURSION = YES;
				CLANG_WARN_INT_CONVERSION = YES;
				CLANG_WARN_NON_LITERAL_NULL_CONVERSION = YES;
				CLANG_WARN_OBJC_LITERAL_CONVERSION = YES;
				CLANG_WARN_OBJC_ROOT_CLASS = YES_ERROR;
				CLANG_WARN_RANGE_LOOP_ANALYSIS = YES;
				CLANG_WARN_STRICT_PROTOTYPES = YES;
				CLANG_WARN_SUSPICIOUS_MOVE = YES;
				CLANG_WARN_UNGUARDED_AVAILABILITY = YES_AGGRESSIVE;
				CLANG_WARN_UNREACHABLE_CODE = YES;
				CLANG_WARN__DUPLICATE_METHOD_MATCH = YES;
				CODE_SIGN_IDENTITY = "iPhone Developer";
				COPY_PHASE_STRIP = NO;
				DEBUG_INFORMATION_FORMAT = dwarf;
				ENABLE_STRICT_OBJC_MSGSEND = YES;
				ENABLE_TESTABILITY = YES;
				GCC_C_LANGUAGE_STANDARD = gnu11;
				GCC_DYNAMIC_NO_PIC = NO;
				GCC_NO_COMMON_BLOCKS = YES;
				GCC_OPTIMIZATION_LEVEL = 0;
				GCC_PREPROCESSOR_DEFINITIONS = (
					"DEBUG=1",
					"$(inherited)",
				);
				GCC_WARN_64_TO_32_BIT_CONVERSION = YES;
				GCC_WARN_ABOUT_RETURN_TYPE = YES_ERROR;
				GCC_WARN_UNDECLARED_SELECTOR = YES;
				GCC_WARN_UNINITIALIZED_AUTOS = YES_AGGRESSIVE;
				GCC_WARN_UNUSED_FUNCTION = YES;
				GCC_WARN_UNUSED_VARIABLE = YES;
				IPHONEOS_DEPLOYMENT_TARGET = 11.0;
				MTL_ENABLE_DEBUG_INFO = YES;
				ONLY_ACTIVE_ARCH = YES;
				SDKROOT = iphoneos;
				SWIFT_ACTIVE_COMPILATION_CONDITIONS = DEBUG;
				SWIFT_OPTIMIZATION_LEVEL = "-Onone";
			};
			name = Debug;
		};
		75E4FB9B1F9010710072DA18 /* Release */ = {
			isa = XCBuildConfiguration;
			buildSettings = {
				ALWAYS_SEARCH_USER_PATHS = NO;
				CLANG_ANALYZER_NONNULL = YES;
				CLANG_ANALYZER_NUMBER_OBJECT_CONVERSION = YES_AGGRESSIVE;
				CLANG_CXX_LANGUAGE_STANDARD = "gnu++14";
				CLANG_CXX_LIBRARY = "libc++";
				CLANG_ENABLE_MODULES = YES;
				CLANG_ENABLE_OBJC_ARC = YES;
				CLANG_WARN_BLOCK_CAPTURE_AUTORELEASING = YES;
				CLANG_WARN_BOOL_CONVERSION = YES;
				CLANG_WARN_COMMA = YES;
				CLANG_WARN_CONSTANT_CONVERSION = YES;
				CLANG_WARN_DIRECT_OBJC_ISA_USAGE = YES_ERROR;
				CLANG_WARN_DOCUMENTATION_COMMENTS = YES;
				CLANG_WARN_EMPTY_BODY = YES;
				CLANG_WARN_ENUM_CONVERSION = YES;
				CLANG_WARN_INFINITE_RECURSION = YES;
				CLANG_WARN_INT_CONVERSION = YES;
				CLANG_WARN_NON_LITERAL_NULL_CONVERSION = YES;
				CLANG_WARN_OBJC_LITERAL_CONVERSION = YES;
				CLANG_WARN_OBJC_ROOT_CLASS = YES_ERROR;
				CLANG_WARN_RANGE_LOOP_ANALYSIS = YES;
				CLANG_WARN_STRICT_PROTOTYPES = YES;
				CLANG_WARN_SUSPICIOUS_MOVE = YES;
				CLANG_WARN_UNGUARDED_AVAILABILITY = YES_AGGRESSIVE;
				CLANG_WARN_UNREACHABLE_CODE = YES;
				CLANG_WARN__DUPLICATE_METHOD_MATCH = YES;
				CODE_SIGN_IDENTITY = "iPhone Developer";
				COPY_PHASE_STRIP = NO;
				DEBUG_INFORMATION_FORMAT = "dwarf-with-dsym";
				ENABLE_NS_ASSERTIONS = NO;
				ENABLE_STRICT_OBJC_MSGSEND = YES;
				GCC_C_LANGUAGE_STANDARD = gnu11;
				GCC_NO_COMMON_BLOCKS = YES;
				GCC_WARN_64_TO_32_BIT_CONVERSION = YES;
				GCC_WARN_ABOUT_RETURN_TYPE = YES_ERROR;
				GCC_WARN_UNDECLARED_SELECTOR = YES;
				GCC_WARN_UNINITIALIZED_AUTOS = YES_AGGRESSIVE;
				GCC_WARN_UNUSED_FUNCTION = YES;
				GCC_WARN_UNUSED_VARIABLE = YES;
				IPHONEOS_DEPLOYMENT_TARGET = 11.0;
				MTL_ENABLE_DEBUG_INFO = NO;
				SDKROOT = iphoneos;
				SWIFT_OPTIMIZATION_LEVEL = "-Owholemodule";
				VALIDATE_PRODUCT = YES;
			};
			name = Release;
		};
		75E4FB9D1F9010710072DA18 /* Debug */ = {
			isa = XCBuildConfiguration;
			baseConfigurationReference = FD9BA1F118B2B8C56E95DD2E /* Pods-instagramLike.debug.xcconfig */;
			buildSettings = {
				ASSETCATALOG_COMPILER_APPICON_NAME = AppIcon;
				CODE_SIGN_STYLE = Automatic;
				DEVELOPMENT_TEAM = 89Z8LA2H3Y;
				INFOPLIST_FILE = instagramLike/Info.plist;
				LD_RUNPATH_SEARCH_PATHS = "$(inherited) @executable_path/Frameworks";
				PRODUCT_BUNDLE_IDENTIFIER = dragonTech.instagramLike;
				PRODUCT_NAME = "$(TARGET_NAME)";
				SWIFT_VERSION = 4.0;
				TARGETED_DEVICE_FAMILY = "1,2";
			};
			name = Debug;
		};
		75E4FB9E1F9010710072DA18 /* Release */ = {
			isa = XCBuildConfiguration;
			baseConfigurationReference = 7EC9DD60E15547A89065E76C /* Pods-instagramLike.release.xcconfig */;
			buildSettings = {
				ASSETCATALOG_COMPILER_APPICON_NAME = AppIcon;
				CODE_SIGN_STYLE = Automatic;
				DEVELOPMENT_TEAM = 89Z8LA2H3Y;
				INFOPLIST_FILE = instagramLike/Info.plist;
				LD_RUNPATH_SEARCH_PATHS = "$(inherited) @executable_path/Frameworks";
				PRODUCT_BUNDLE_IDENTIFIER = dragonTech.instagramLike;
				PRODUCT_NAME = "$(TARGET_NAME)";
				SWIFT_VERSION = 4.0;
				TARGETED_DEVICE_FAMILY = "1,2";
			};
			name = Release;
		};
		75E4FBA01F9010710072DA18 /* Debug */ = {
			isa = XCBuildConfiguration;
			baseConfigurationReference = 359FC9197342CA305DC5DCBE /* Pods-instagramLikeTests.debug.xcconfig */;
			buildSettings = {
				ALWAYS_EMBED_SWIFT_STANDARD_LIBRARIES = YES;
				BUNDLE_LOADER = "$(TEST_HOST)";
				CODE_SIGN_STYLE = Automatic;
				INFOPLIST_FILE = instagramLikeTests/Info.plist;
				LD_RUNPATH_SEARCH_PATHS = "$(inherited) @executable_path/Frameworks @loader_path/Frameworks";
				PRODUCT_BUNDLE_IDENTIFIER = dragonTech.instagramLikeTests;
				PRODUCT_NAME = "$(TARGET_NAME)";
				SWIFT_VERSION = 4.0;
				TARGETED_DEVICE_FAMILY = "1,2";
				TEST_HOST = "$(BUILT_PRODUCTS_DIR)/instagramLike.app/instagramLike";
			};
			name = Debug;
		};
		75E4FBA11F9010710072DA18 /* Release */ = {
			isa = XCBuildConfiguration;
			baseConfigurationReference = F12A9CDE8679B8C0759176F7 /* Pods-instagramLikeTests.release.xcconfig */;
			buildSettings = {
				ALWAYS_EMBED_SWIFT_STANDARD_LIBRARIES = YES;
				BUNDLE_LOADER = "$(TEST_HOST)";
				CODE_SIGN_STYLE = Automatic;
				INFOPLIST_FILE = instagramLikeTests/Info.plist;
				LD_RUNPATH_SEARCH_PATHS = "$(inherited) @executable_path/Frameworks @loader_path/Frameworks";
				PRODUCT_BUNDLE_IDENTIFIER = dragonTech.instagramLikeTests;
				PRODUCT_NAME = "$(TARGET_NAME)";
				SWIFT_VERSION = 4.0;
				TARGETED_DEVICE_FAMILY = "1,2";
				TEST_HOST = "$(BUILT_PRODUCTS_DIR)/instagramLike.app/instagramLike";
			};
			name = Release;
		};
		75E4FBA31F9010710072DA18 /* Debug */ = {
			isa = XCBuildConfiguration;
			baseConfigurationReference = BB8338867E8ED6F7620F7CF9 /* Pods-instagramLikeUITests.debug.xcconfig */;
			buildSettings = {
				ALWAYS_EMBED_SWIFT_STANDARD_LIBRARIES = YES;
				CODE_SIGN_STYLE = Automatic;
				INFOPLIST_FILE = instagramLikeUITests/Info.plist;
				LD_RUNPATH_SEARCH_PATHS = "$(inherited) @executable_path/Frameworks @loader_path/Frameworks";
				PRODUCT_BUNDLE_IDENTIFIER = dragonTech.instagramLikeUITests;
				PRODUCT_NAME = "$(TARGET_NAME)";
				SWIFT_VERSION = 4.0;
				TARGETED_DEVICE_FAMILY = "1,2";
				TEST_TARGET_NAME = instagramLike;
			};
			name = Debug;
		};
		75E4FBA41F9010710072DA18 /* Release */ = {
			isa = XCBuildConfiguration;
			baseConfigurationReference = B7EB9F1CD0C65776F6ED0AF7 /* Pods-instagramLikeUITests.release.xcconfig */;
			buildSettings = {
				ALWAYS_EMBED_SWIFT_STANDARD_LIBRARIES = YES;
				CODE_SIGN_STYLE = Automatic;
				INFOPLIST_FILE = instagramLikeUITests/Info.plist;
				LD_RUNPATH_SEARCH_PATHS = "$(inherited) @executable_path/Frameworks @loader_path/Frameworks";
				PRODUCT_BUNDLE_IDENTIFIER = dragonTech.instagramLikeUITests;
				PRODUCT_NAME = "$(TARGET_NAME)";
				SWIFT_VERSION = 4.0;
				TARGETED_DEVICE_FAMILY = "1,2";
				TEST_TARGET_NAME = instagramLike;
			};
			name = Release;
		};
/* End XCBuildConfiguration section */

/* Begin XCConfigurationList section */
		75E4FB6F1F9010710072DA18 /* Build configuration list for PBXProject "instagramLike" */ = {
			isa = XCConfigurationList;
			buildConfigurations = (
				75E4FB9A1F9010710072DA18 /* Debug */,
				75E4FB9B1F9010710072DA18 /* Release */,
			);
			defaultConfigurationIsVisible = 0;
			defaultConfigurationName = Release;
		};
		75E4FB9C1F9010710072DA18 /* Build configuration list for PBXNativeTarget "instagramLike" */ = {
			isa = XCConfigurationList;
			buildConfigurations = (
				75E4FB9D1F9010710072DA18 /* Debug */,
				75E4FB9E1F9010710072DA18 /* Release */,
			);
			defaultConfigurationIsVisible = 0;
			defaultConfigurationName = Release;
		};
		75E4FB9F1F9010710072DA18 /* Build configuration list for PBXNativeTarget "instagramLikeTests" */ = {
			isa = XCConfigurationList;
			buildConfigurations = (
				75E4FBA01F9010710072DA18 /* Debug */,
				75E4FBA11F9010710072DA18 /* Release */,
			);
			defaultConfigurationIsVisible = 0;
			defaultConfigurationName = Release;
		};
		75E4FBA21F9010710072DA18 /* Build configuration list for PBXNativeTarget "instagramLikeUITests" */ = {
			isa = XCConfigurationList;
			buildConfigurations = (
				75E4FBA31F9010710072DA18 /* Debug */,
				75E4FBA41F9010710072DA18 /* Release */,
			);
			defaultConfigurationIsVisible = 0;
			defaultConfigurationName = Release;
		};
/* End XCConfigurationList section */
	};
	rootObject = 75E4FB6C1F9010710072DA18 /* Project object */;
}
